// !$*UTF8*$!
{
	archiveVersion = 1;
	classes = {
	};
	objectVersion = 50;
	objects = {

/* Begin PBXBuildFile section */
		ABE4BA4C247E01BE00C29037 /* AppDelegate.swift in Sources */ = {isa = PBXBuildFile; fileRef = ABE4BA4B247E01BE00C29037 /* AppDelegate.swift */; };
		ABE4BA4E247E01BE00C29037 /* SceneDelegate.swift in Sources */ = {isa = PBXBuildFile; fileRef = ABE4BA4D247E01BE00C29037 /* SceneDelegate.swift */; };
		ABE4BA50247E01BF00C29037 /* ViewController.swift in Sources */ = {isa = PBXBuildFile; fileRef = ABE4BA4F247E01BF00C29037 /* ViewController.swift */; };
		ABE4BA53247E01BF00C29037 /* Main.storyboard in Resources */ = {isa = PBXBuildFile; fileRef = ABE4BA51247E01BF00C29037 /* Main.storyboard */; };
		ABE4BA55247E029100C29037 /* Assets.xcassets in Resources */ = {isa = PBXBuildFile; fileRef = ABE4BA54247E029100C29037 /* Assets.xcassets */; };
		ABE4BA58247E029100C29037 /* LaunchScreen.storyboard in Resources */ = {isa = PBXBuildFile; fileRef = ABE4BA56247E029100C29037 /* LaunchScreen.storyboard */; };
		ABE4BA60247E115D00C29037 /* PokemonLogo.swift in Sources */ = {isa = PBXBuildFile; fileRef = ABE4BA5F247E115C00C29037 /* PokemonLogo.swift */; };
/* End PBXBuildFile section */

/* Begin PBXFileReference section */
		ABE4BA48247E01BE00C29037 /* LogoDesign.app */ = {isa = PBXFileReference; explicitFileType = wrapper.application; includeInIndex = 0; path = LogoDesign.app; sourceTree = BUILT_PRODUCTS_DIR; };
		ABE4BA4B247E01BE00C29037 /* AppDelegate.swift */ = {isa = PBXFileReference; lastKnownFileType = sourcecode.swift; path = AppDelegate.swift; sourceTree = "<group>"; };
		ABE4BA4D247E01BE00C29037 /* SceneDelegate.swift */ = {isa = PBXFileReference; lastKnownFileType = sourcecode.swift; path = SceneDelegate.swift; sourceTree = "<group>"; };
		ABE4BA4F247E01BF00C29037 /* ViewController.swift */ = {isa = PBXFileReference; lastKnownFileType = sourcecode.swift; path = ViewController.swift; sourceTree = "<group>"; };
		ABE4BA52247E01BF00C29037 /* Base */ = {isa = PBXFileReference; lastKnownFileType = file.storyboard; name = Base; path = Base.lproj/Main.storyboard; sourceTree = "<group>"; };
		ABE4BA54247E029100C29037 /* Assets.xcassets */ = {isa = PBXFileReference; lastKnownFileType = folder.assetcatalog; path = Assets.xcassets; sourceTree = "<group>"; };
		ABE4BA57247E029100C29037 /* Base */ = {isa = PBXFileReference; lastKnownFileType = file.storyboard; name = Base; path = Base.lproj/LaunchScreen.storyboard; sourceTree = "<group>"; };
		ABE4BA59247E029100C29037 /* Info.plist */ = {isa = PBXFileReference; lastKnownFileType = text.plist.xml; path = Info.plist; sourceTree = "<group>"; };
		ABE4BA5F247E115C00C29037 /* PokemonLogo.swift */ = {isa = PBXFileReference; lastKnownFileType = sourcecode.swift; path = PokemonLogo.swift; sourceTree = "<group>"; };
/* End PBXFileReference section */

/* Begin PBXFrameworksBuildPhase section */
		ABE4BA45247E01BC00C29037 /* Frameworks */ = {
			isa = PBXFrameworksBuildPhase;
			buildActionMask = 2147483647;
			files = (
			);
			runOnlyForDeploymentPostprocessing = 0;
		};
/* End PBXFrameworksBuildPhase section */

/* Begin PBXGroup section */
		ABE4BA3F247E01BB00C29037 = {
			isa = PBXGroup;
			children = (
				ABE4BA4A247E01BE00C29037 /* LogoDesign */,
				ABE4BA49247E01BE00C29037 /* Products */,
			);
			sourceTree = "<group>";
		};
		ABE4BA49247E01BE00C29037 /* Products */ = {
			isa = PBXGroup;
			children = (
				ABE4BA48247E01BE00C29037 /* LogoDesign.app */,
			);
			name = Products;
			sourceTree = "<group>";
		};
		ABE4BA4A247E01BE00C29037 /* LogoDesign */ = {
			isa = PBXGroup;
			children = (
				ABE4BA4B247E01BE00C29037 /* AppDelegate.swift */,
				ABE4BA4D247E01BE00C29037 /* SceneDelegate.swift */,
				ABE4BA4F247E01BF00C29037 /* ViewController.swift */,
				ABE4BA51247E01BF00C29037 /* Main.storyboard */,
				ABE4BA54247E029100C29037 /* Assets.xcassets */,
				ABE4BA56247E029100C29037 /* LaunchScreen.storyboard */,
				ABE4BA59247E029100C29037 /* Info.plist */,
				ABE4BA5F247E115C00C29037 /* PokemonLogo.swift */,
			);
			path = LogoDesign;
			sourceTree = "<group>";
		};
/* End PBXGroup section */

/* Begin PBXNativeTarget section */
		ABE4BA47247E01BC00C29037 /* LogoDesign */ = {
			isa = PBXNativeTarget;
			buildConfigurationList = ABE4BA5C247E029100C29037 /* Build configuration list for PBXNativeTarget "LogoDesign" */;
			buildPhases = (
				ABE4BA44247E01BC00C29037 /* Sources */,
				ABE4BA45247E01BC00C29037 /* Frameworks */,
				ABE4BA46247E01BC00C29037 /* Resources */,
			);
			buildRules = (
			);
			dependencies = (
			);
			name = LogoDesign;
			productName = LogoDesign;
			productReference = ABE4BA48247E01BE00C29037 /* LogoDesign.app */;
			productType = "com.apple.product-type.application";
		};
/* End PBXNativeTarget section */

/* Begin PBXProject section */
		ABE4BA40247E01BC00C29037 /* Project object */ = {
			isa = PBXProject;
			attributes = {
				LastSwiftUpdateCheck = 1130;
				LastUpgradeCheck = 1130;
				ORGANIZATIONNAME = LambdaStudent;
				TargetAttributes = {
					ABE4BA47247E01BC00C29037 = {
						CreatedOnToolsVersion = 11.3.1;
					};
				};
			};
			buildConfigurationList = ABE4BA43247E01BC00C29037 /* Build configuration list for PBXProject "LogoDesign" */;
			compatibilityVersion = "Xcode 9.3";
			developmentRegion = en;
			hasScannedForEncodings = 0;
			knownRegions = (
				en,
				Base,
			);
			mainGroup = ABE4BA3F247E01BB00C29037;
			productRefGroup = ABE4BA49247E01BE00C29037 /* Products */;
			projectDirPath = "";
			projectRoot = "";
			targets = (
				ABE4BA47247E01BC00C29037 /* LogoDesign */,
			);
		};
/* End PBXProject section */

/* Begin PBXResourcesBuildPhase section */
		ABE4BA46247E01BC00C29037 /* Resources */ = {
			isa = PBXResourcesBuildPhase;
			buildActionMask = 2147483647;
			files = (
				ABE4BA58247E029100C29037 /* LaunchScreen.storyboard in Resources */,
				ABE4BA55247E029100C29037 /* Assets.xcassets in Resources */,
				ABE4BA53247E01BF00C29037 /* Main.storyboard in Resources */,
			);
			runOnlyForDeploymentPostprocessing = 0;
		};
/* End PBXResourcesBuildPhase section */

/* Begin PBXSourcesBuildPhase section */
		ABE4BA44247E01BC00C29037 /* Sources */ = {
			isa = PBXSourcesBuildPhase;
			buildActionMask = 2147483647;
			files = (
				ABE4BA50247E01BF00C29037 /* ViewController.swift in Sources */,
				ABE4BA4C247E01BE00C29037 /* AppDelegate.swift in Sources */,
				ABE4BA60247E115D00C29037 /* PokemonLogo.swift in Sources */,
				ABE4BA4E247E01BE00C29037 /* SceneDelegate.swift in Sources */,
			);
			runOnlyForDeploymentPostprocessing = 0;
		};
/* End PBXSourcesBuildPhase section */

/* Begin PBXVariantGroup section */
		ABE4BA51247E01BF00C29037 /* Main.storyboard */ = {
			isa = PBXVariantGroup;
			children = (
				ABE4BA52247E01BF00C29037 /* Base */,
			);
			name = Main.storyboard;
			sourceTree = "<group>";
		};
		ABE4BA56247E029100C29037 /* LaunchScreen.storyboard */ = {
			isa = PBXVariantGroup;
			children = (
				ABE4BA57247E029100C29037 /* Base */,
			);
			name = LaunchScreen.storyboard;
			sourceTree = "<group>";
		};
/* End PBXVariantGroup section */

/* Begin XCBuildConfiguration section */
		ABE4BA5A247E029100C29037 /* Debug */ = {
			isa = XCBuildConfiguration;
			buildSettings = {
				ALWAYS_SEARCH_USER_PATHS = NO;
				CLANG_ANALYZER_NONNULL = YES;
				CLANG_ANALYZER_NUMBER_OBJECT_CONVERSION = YES_AGGRESSIVE;
				CLANG_CXX_LANGUAGE_STANDARD = "gnu++14";
				CLANG_CXX_LIBRARY = "libc++";
				CLANG_ENABLE_MODULES = YES;
				CLANG_ENABLE_OBJC_ARC = YES;
				CLANG_ENABLE_OBJC_WEAK = YES;
				CLANG_WARN_BLOCK_CAPTURE_AUTORELEASING = YES;
				CLANG_WARN_BOOL_CONVERSION = YES;
				CLANG_WARN_COMMA = YES;
				CLANG_WARN_CONSTANT_CONVERSION = YES;
				CLANG_WARN_DEPRECATED_OBJC_IMPLEMENTATIONS = YES;
				CLANG_WARN_DIRECT_OBJC_ISA_USAGE = YES_ERROR;
				CLANG_WARN_DOCUMENTATION_COMMENTS = YES;
				CLANG_WARN_EMPTY_BODY = YES;
				CLANG_WARN_ENUM_CONVERSION = YES;
				CLANG_WARN_INFINITE_RECURSION = YES;
				CLANG_WARN_INT_CONVERSION = YES;
				CLANG_WARN_NON_LITERAL_NULL_CONVERSION = YES;
				CLANG_WARN_OBJC_IMPLICIT_RETAIN_SELF = YES;
				CLANG_WARN_OBJC_LITERAL_CONVERSION = YES;
				CLANG_WARN_OBJC_ROOT_CLASS = YES_ERROR;
				CLANG_WARN_RANGE_LOOP_ANALYSIS = YES;
				CLANG_WARN_STRICT_PROTOTYPES = YES;
				CLANG_WARN_SUSPICIOUS_MOVE = YES;
				CLANG_WARN_UNGUARDED_AVAILABILITY = YES_AGGRESSIVE;
				CLANG_WARN_UNREACHABLE_CODE = YES;
				CLANG_WARN__DUPLICATE_METHOD_MATCH = YES;
				COPY_PHASE_STRIP = NO;
				DEBUG_INFORMATION_FORMAT = dwarf;
				ENABLE_STRICT_OBJC_MSGSEND = YES;
				ENABLE_TESTABILITY = YES;
				GCC_C_LANGUAGE_STANDARD = gnu11;
				GCC_DYNAMIC_NO_PIC = NO;
				GCC_NO_COMMON_BLOCKS = YES;
				GCC_OPTIMIZATION_LEVEL = 0;
				GCC_PREPROCESSOR_DEFINITIONS = (
					"DEBUG=1",
					"$(inherited)",
				);
				GCC_WARN_64_TO_32_BIT_CONVERSION = YES;
				GCC_WARN_ABOUT_RETURN_TYPE = YES_ERROR;
				GCC_WARN_UNDECLARED_SELECTOR = YES;
				GCC_WARN_UNINITIALIZED_AUTOS = YES_AGGRESSIVE;
				GCC_WARN_UNUSED_FUNCTION = YES;
				GCC_WARN_UNUSED_VARIABLE = YES;
				IPHONEOS_DEPLOYMENT_TARGET = 13.2;
				MTL_ENABLE_DEBUG_INFO = INCLUDE_SOURCE;
				MTL_FAST_MATH = YES;
				ONLY_ACTIVE_ARCH = YES;
				SDKROOT = iphoneos;
				SWIFT_ACTIVE_COMPILATION_CONDITIONS = DEBUG;
				SWIFT_OPTIMIZATION_LEVEL = "-Onone";
			};
			name = Debug;
		};
		ABE4BA5B247E029100C29037 /* Release */ = {
			isa = XCBuildConfiguration;
			buildSettings = {
				ALWAYS_SEARCH_USER_PATHS = NO;
				CLANG_ANALYZER_NONNULL = YES;
				CLANG_ANALYZER_NUMBER_OBJECT_CONVERSION = YES_AGGRESSIVE;
				CLANG_CXX_LANGUAGE_STANDARD = "gnu++14";
				CLANG_CXX_LIBRARY = "libc++";
				CLANG_ENABLE_MODULES = YES;
				CLANG_ENABLE_OBJC_ARC = YES;
				CLANG_ENABLE_OBJC_WEAK = YES;
				CLANG_WARN_BLOCK_CAPTURE_AUTORELEASING = YES;
				CLANG_WARN_BOOL_CONVERSION = YES;
				CLANG_WARN_COMMA = YES;
				CLANG_WARN_CONSTANT_CONVERSION = YES;
				CLANG_WARN_DEPRECATED_OBJC_IMPLEMENTATIONS = YES;
				CLANG_WARN_DIRECT_OBJC_ISA_USAGE = YES_ERROR;
				CLANG_WARN_DOCUMENTATION_COMMENTS = YES;
				CLANG_WARN_EMPTY_BODY = YES;
				CLANG_WARN_ENUM_CONVERSION = YES;
				CLANG_WARN_INFINITE_RECURSION = YES;
				CLANG_WARN_INT_CONVERSION = YES;
				CLANG_WARN_NON_LITERAL_NULL_CONVERSION = YES;
				CLANG_WARN_OBJC_IMPLICIT_RETAIN_SELF = YES;
				CLANG_WARN_OBJC_LITERAL_CONVERSION = YES;
				CLANG_WARN_OBJC_ROOT_CLASS = YES_ERROR;
				CLANG_WARN_RANGE_LOOP_ANALYSIS = YES;
				CLANG_WARN_STRICT_PROTOTYPES = YES;
				CLANG_WARN_SUSPICIOUS_MOVE = YES;
				CLANG_WARN_UNGUARDED_AVAILABILITY = YES_AGGRESSIVE;
				CLANG_WARN_UNREACHABLE_CODE = YES;
				CLANG_WARN__DUPLICATE_METHOD_MATCH = YES;
				COPY_PHASE_STRIP = NO;
				DEBUG_INFORMATION_FORMAT = "dwarf-with-dsym";
				ENABLE_NS_ASSERTIONS = NO;
				ENABLE_STRICT_OBJC_MSGSEND = YES;
				GCC_C_LANGUAGE_STANDARD = gnu11;
				GCC_NO_COMMON_BLOCKS = YES;
				GCC_WARN_64_TO_32_BIT_CONVERSION = YES;
				GCC_WARN_ABOUT_RETURN_TYPE = YES_ERROR;
				GCC_WARN_UNDECLARED_SELECTOR = YES;
				GCC_WARN_UNINITIALIZED_AUTOS = YES_AGGRESSIVE;
				GCC_WARN_UNUSED_FUNCTION = YES;
				GCC_WARN_UNUSED_VARIABLE = YES;
				IPHONEOS_DEPLOYMENT_TARGET = 13.2;
				MTL_ENABLE_DEBUG_INFO = NO;
				MTL_FAST_MATH = YES;
				SDKROOT = iphoneos;
				SWIFT_COMPILATION_MODE = wholemodule;
				SWIFT_OPTIMIZATION_LEVEL = "-O";
				VALIDATE_PRODUCT = YES;
			};
			name = Release;
		};
		ABE4BA5D247E029100C29037 /* Debug */ = {
			isa = XCBuildConfiguration;
			buildSettings = {
				ASSETCATALOG_COMPILER_APPICON_NAME = AppIcon;
				CODE_SIGN_STYLE = Automatic;
				DEVELOPMENT_TEAM = T9X472M6U2;
				INFOPLIST_FILE = LogoDesign/Info.plist;
				LD_RUNPATH_SEARCH_PATHS = (
					"$(inherited)",
					"@executable_path/Frameworks",
				);
				PRODUCT_BUNDLE_IDENTIFIER = com.zachthac.LogoDesign;
				PRODUCT_NAME = "$(TARGET_NAME)";
				SWIFT_VERSION = 5.0;
				TARGETED_DEVICE_FAMILY = "1,2";
			};
			name = Debug;
		};
		ABE4BA5E247E029100C29037 /* Release */ = {
			isa = XCBuildConfiguration;
			buildSettings = {
				ASSETCATALOG_COMPILER_APPICON_NAME = AppIcon;
				CODE_SIGN_STYLE = Automatic;
				DEVELOPMENT_TEAM = T9X472M6U2;
				INFOPLIST_FILE = LogoDesign/Info.plist;
				LD_RUNPATH_SEARCH_PATHS = (
					"$(inherited)",
					"@executable_path/Frameworks",
				);
				PRODUCT_BUNDLE_IDENTIFIER = com.zachthac.LogoDesign;
				PRODUCT_NAME = "$(TARGET_NAME)";
				SWIFT_VERSION = 5.0;
				TARGETED_DEVICE_FAMILY = "1,2";
			};
			name = Release;
		};
/* End XCBuildConfiguration section */

/* Begin XCConfigurationList section */
		ABE4BA43247E01BC00C29037 /* Build configuration list for PBXProject "LogoDesign" */ = {
			isa = XCConfigurationList;
			buildConfigurations = (
				ABE4BA5A247E029100C29037 /* Debug */,
				ABE4BA5B247E029100C29037 /* Release */,
			);
			defaultConfigurationIsVisible = 0;
			defaultConfigurationName = Release;
		};
		ABE4BA5C247E029100C29037 /* Build configuration list for PBXNativeTarget "LogoDesign" */ = {
			isa = XCConfigurationList;
			buildConfigurations = (
				ABE4BA5D247E029100C29037 /* Debug */,
				ABE4BA5E247E029100C29037 /* Release */,
			);
			defaultConfigurationIsVisible = 0;
			defaultConfigurationName = Release;
		};
/* End XCConfigurationList section */
	};
	rootObject = ABE4BA40247E01BC00C29037 /* Project object */;
}
